
Microsoft Visual Studio Solution File, Format Version 12.00
# Visual Studio Version 17
VisualStudioVersion = 17.8.34525.116
MinimumVisualStudioVersion = 10.0.40219.1
Project("{FAE04EC0-301F-11D3-BF4B-00C04F79EFBC}") = "RazorPagesMovie", "RazorPagesMovie\RazorPagesMovie.csproj", "{1D9EA877-E8F0-46C9-A126-DC7D3FDC4540}"
EndProject
Global
	GlobalSection(SolutionConfigurationPlatforms) = preSolution
		Debug|Any CPU = Debug|Any CPU
		Release|Any CPU = Release|Any CPU
	EndGlobalSection
	GlobalSection(ProjectConfigurationPlatforms) = postSolution
		{1D9EA877-E8F0-46C9-A126-DC7D3FDC4540}.Debug|Any CPU.ActiveCfg = Debug|Any CPU
		{1D9EA877-E8F0-46C9-A126-DC7D3FDC4540}.Debug|Any CPU.Build.0 = Debug|Any CPU
		{1D9EA877-E8F0-46C9-A126-DC7D3FDC4540}.Release|Any CPU.ActiveCfg = Release|Any CPU
		{1D9EA877-E8F0-46C9-A126-DC7D3FDC4540}.Release|Any CPU.Build.0 = Release|Any CPU
	EndGlobalSection
	GlobalSection(SolutionProperties) = preSolution
		HideSolutionNode = FALSE
	EndGlobalSection
	GlobalSection(ExtensibilityGlobals) = postSolution
		SolutionGuid = {2BBD446B-A048-45CB-8FCB-05E77C6F1AEF}
	EndGlobalSection
EndGlobal
